
Microsoft Visual Studio Solution File, Format Version 12.00
# Visual Studio Version 16
VisualStudioVersion = 16.0.31025.194
MinimumVisualStudioVersion = 10.0.40219.1
Project("{FAE04EC0-301F-11D3-BF4B-00C04F79EFBC}") = "HIS.Utility", "HIS.Utility\HIS.Utility.csproj", "{2C8A0D17-E431-4F4B-B1CA-64B18D75BF72}"
EndProject
Project("{FAE04EC0-301F-11D3-BF4B-00C04F79EFBC}") = "HIS.Model", "HIS.Model\HIS.Model.csproj", "{8505C554-969C-4909-A792-5CB40330FD5C}"
EndProject
Project("{FAE04EC0-301F-11D3-BF4B-00C04F79EFBC}") = "HIS.Core", "HIS.Core\HIS.Core.csproj", "{C998F840-A29E-421C-B3BC-2D8DA28DC226}"
EndProject
Project("{FAE04EC0-301F-11D3-BF4B-00C04F79EFBC}") = "HIS.Service.Core", "HIS.Service.Core\HIS.Service.Core.csproj", "{BF6F3ED7-32B1-4100-B026-F26AEFE657A0}"
EndProject
Project("{FAE04EC0-301F-11D3-BF4B-00C04F79EFBC}") = "HIS.Service", "HIS.Service\HIS.Service.csproj", "{865E2C0F-AF96-4625-BE52-CD50B278770A}"
EndProject
Project("{2150E333-8FDC-42A3-9474-1A3956D46DE8}") = "App", "App", "{C3C0B9E6-7E8D-4239-82E2-EE9B5851EA53}"
EndProject
Project("{FAE04EC0-301F-11D3-BF4B-00C04F79EFBC}") = "HIS.ControlLib", "HIS.ControlLib\HIS.ControlLib.csproj", "{5449EDED-32BA-417C-916B-C88BEF58712C}"
EndProject
Project("{2150E333-8FDC-42A3-9474-1A3956D46DE8}") = "Control", "Control", "{7210AA1F-D15D-468C-AD99-5AC8C43D3E73}"
EndProject
Project("{FAE04EC0-301F-11D3-BF4B-00C04F79EFBC}") = "HIS.DSkinControl", "HIS.DSkinControl\HIS.DSkinControl.csproj", "{CEFB86F7-EC2D-4080-A0D5-AF3DB7B987B7}"
EndProject
Project("{FAE04EC0-301F-11D3-BF4B-00C04F79EFBC}") = "HIS.Common", "HIS.Common\HIS.Common.csproj", "{C2634378-1A64-4A0F-AF4D-7F210C085796}"
EndProject
Project("{2150E333-8FDC-42A3-9474-1A3956D46DE8}") = "Domain", "Domain", "{0131DC8F-E1D3-4F7D-A560-EAF30B550F92}"
EndProject
Project("{FAE04EC0-301F-11D3-BF4B-00C04F79EFBC}") = "HIS", "HIS\HIS.csproj", "{C5B443C3-3AF6-4378-A3D5-2116519DAC98}"
	ProjectSection(ProjectDependencies) = postProject
		{865E2C0F-AF96-4625-BE52-CD50B278770A} = {865E2C0F-AF96-4625-BE52-CD50B278770A}
		{7BDFA441-8A01-4BFA-B6BC-953795FFB7C9} = {7BDFA441-8A01-4BFA-B6BC-953795FFB7C9}
		{8505C554-969C-4909-A792-5CB40330FD5C} = {8505C554-969C-4909-A792-5CB40330FD5C}
		{C2634378-1A64-4A0F-AF4D-7F210C085796} = {C2634378-1A64-4A0F-AF4D-7F210C085796}
	EndProjectSection
EndProject
Project("{FAE04EC0-301F-11D3-BF4B-00C04F79EFBC}") = "App_Sys", "App.Sys\App_Sys.csproj", "{7BDFA441-8A01-4BFA-B6BC-953795FFB7C9}"
EndProject
Project("{FAE04EC0-301F-11D3-BF4B-00C04F79EFBC}") = "App_ChargeSystem", "App_ChargeSystem\App_ChargeSystem.csproj", "{DA64F3C7-5BF5-4080-A208-DB6EB044FCE2}"
EndProject
Project("{FAE04EC0-301F-11D3-BF4B-00C04F79EFBC}") = "App_OP", "App_OP\App_OP.csproj", "{D4D9C5E8-C2FA-41F1-A13E-91041A36CC72}"
EndProject
Global
	GlobalSection(SolutionConfigurationPlatforms) = preSolution
		Debug|Any CPU = Debug|Any CPU
		Debug|x86 = Debug|x86
		Release|Any CPU = Release|Any CPU
		Release|x86 = Release|x86
	EndGlobalSection
	GlobalSection(ProjectConfigurationPlatforms) = postSolution
		{2C8A0D17-E431-4F4B-B1CA-64B18D75BF72}.Debug|Any CPU.ActiveCfg = Debug|Any CPU
		{2C8A0D17-E431-4F4B-B1CA-64B18D75BF72}.Debug|Any CPU.Build.0 = Debug|Any CPU
		{2C8A0D17-E431-4F4B-B1CA-64B18D75BF72}.Debug|x86.ActiveCfg = Debug|x86
		{2C8A0D17-E431-4F4B-B1CA-64B18D75BF72}.Debug|x86.Build.0 = Debug|x86
		{2C8A0D17-E431-4F4B-B1CA-64B18D75BF72}.Release|Any CPU.ActiveCfg = Release|Any CPU
		{2C8A0D17-E431-4F4B-B1CA-64B18D75BF72}.Release|Any CPU.Build.0 = Release|Any CPU
		{2C8A0D17-E431-4F4B-B1CA-64B18D75BF72}.Release|x86.ActiveCfg = Release|x86
		{2C8A0D17-E431-4F4B-B1CA-64B18D75BF72}.Release|x86.Build.0 = Release|x86
		{8505C554-969C-4909-A792-5CB40330FD5C}.Debug|Any CPU.ActiveCfg = Debug|Any CPU
		{8505C554-969C-4909-A792-5CB40330FD5C}.Debug|Any CPU.Build.0 = Debug|Any CPU
		{8505C554-969C-4909-A792-5CB40330FD5C}.Debug|x86.ActiveCfg = Debug|x86
		{8505C554-969C-4909-A792-5CB40330FD5C}.Debug|x86.Build.0 = Debug|x86
		{8505C554-969C-4909-A792-5CB40330FD5C}.Release|Any CPU.ActiveCfg = Release|Any CPU
		{8505C554-969C-4909-A792-5CB40330FD5C}.Release|Any CPU.Build.0 = Release|Any CPU
		{8505C554-969C-4909-A792-5CB40330FD5C}.Release|x86.ActiveCfg = Release|x86
		{8505C554-969C-4909-A792-5CB40330FD5C}.Release|x86.Build.0 = Release|x86
		{C998F840-A29E-421C-B3BC-2D8DA28DC226}.Debug|Any CPU.ActiveCfg = Debug|Any CPU
		{C998F840-A29E-421C-B3BC-2D8DA28DC226}.Debug|Any CPU.Build.0 = Debug|Any CPU
		{C998F840-A29E-421C-B3BC-2D8DA28DC226}.Debug|x86.ActiveCfg = Debug|x86
		{C998F840-A29E-421C-B3BC-2D8DA28DC226}.Debug|x86.Build.0 = Debug|x86
		{C998F840-A29E-421C-B3BC-2D8DA28DC226}.Release|Any CPU.ActiveCfg = Release|Any CPU
		{C998F840-A29E-421C-B3BC-2D8DA28DC226}.Release|Any CPU.Build.0 = Release|Any CPU
		{C998F840-A29E-421C-B3BC-2D8DA28DC226}.Release|x86.ActiveCfg = Release|x86
		{C998F840-A29E-421C-B3BC-2D8DA28DC226}.Release|x86.Build.0 = Release|x86
		{BF6F3ED7-32B1-4100-B026-F26AEFE657A0}.Debug|Any CPU.ActiveCfg = Debug|Any CPU
		{BF6F3ED7-32B1-4100-B026-F26AEFE657A0}.Debug|Any CPU.Build.0 = Debug|Any CPU
		{BF6F3ED7-32B1-4100-B026-F26AEFE657A0}.Debug|x86.ActiveCfg = Debug|x86
		{BF6F3ED7-32B1-4100-B026-F26AEFE657A0}.Debug|x86.Build.0 = Debug|x86
		{BF6F3ED7-32B1-4100-B026-F26AEFE657A0}.Release|Any CPU.ActiveCfg = Release|Any CPU
		{BF6F3ED7-32B1-4100-B026-F26AEFE657A0}.Release|Any CPU.Build.0 = Release|Any CPU
		{BF6F3ED7-32B1-4100-B026-F26AEFE657A0}.Release|x86.ActiveCfg = Release|x86
		{BF6F3ED7-32B1-4100-B026-F26AEFE657A0}.Release|x86.Build.0 = Release|x86
		{865E2C0F-AF96-4625-BE52-CD50B278770A}.Debug|Any CPU.ActiveCfg = Debug|Any CPU
		{865E2C0F-AF96-4625-BE52-CD50B278770A}.Debug|Any CPU.Build.0 = Debug|Any CPU
		{865E2C0F-AF96-4625-BE52-CD50B278770A}.Debug|x86.ActiveCfg = Debug|x86
		{865E2C0F-AF96-4625-BE52-CD50B278770A}.Debug|x86.Build.0 = Debug|x86
		{865E2C0F-AF96-4625-BE52-CD50B278770A}.Release|Any CPU.ActiveCfg = Release|Any CPU
		{865E2C0F-AF96-4625-BE52-CD50B278770A}.Release|Any CPU.Build.0 = Release|Any CPU
		{865E2C0F-AF96-4625-BE52-CD50B278770A}.Release|x86.ActiveCfg = Release|x86
		{865E2C0F-AF96-4625-BE52-CD50B278770A}.Release|x86.Build.0 = Release|x86
		{5449EDED-32BA-417C-916B-C88BEF58712C}.Debug|Any CPU.ActiveCfg = Debug|Any CPU
		{5449EDED-32BA-417C-916B-C88BEF58712C}.Debug|Any CPU.Build.0 = Debug|Any CPU
		{5449EDED-32BA-417C-916B-C88BEF58712C}.Debug|x86.ActiveCfg = Debug|x86
		{5449EDED-32BA-417C-916B-C88BEF58712C}.Debug|x86.Build.0 = Debug|x86
		{5449EDED-32BA-417C-916B-C88BEF58712C}.Release|Any CPU.ActiveCfg = Release|Any CPU
		{5449EDED-32BA-417C-916B-C88BEF58712C}.Release|Any CPU.Build.0 = Release|Any CPU
		{5449EDED-32BA-417C-916B-C88BEF58712C}.Release|x86.ActiveCfg = Release|x86
		{5449EDED-32BA-417C-916B-C88BEF58712C}.Release|x86.Build.0 = Release|x86
		{CEFB86F7-EC2D-4080-A0D5-AF3DB7B987B7}.Debug|Any CPU.ActiveCfg = Debug|Any CPU
		{CEFB86F7-EC2D-4080-A0D5-AF3DB7B987B7}.Debug|Any CPU.Build.0 = Debug|Any CPU
		{CEFB86F7-EC2D-4080-A0D5-AF3DB7B987B7}.Debug|x86.ActiveCfg = Debug|x86
		{CEFB86F7-EC2D-4080-A0D5-AF3DB7B987B7}.Debug|x86.Build.0 = Debug|x86
		{CEFB86F7-EC2D-4080-A0D5-AF3DB7B987B7}.Release|Any CPU.ActiveCfg = Release|Any CPU
		{CEFB86F7-EC2D-4080-A0D5-AF3DB7B987B7}.Release|Any CPU.Build.0 = Release|Any CPU
		{CEFB86F7-EC2D-4080-A0D5-AF3DB7B987B7}.Release|x86.ActiveCfg = Release|x86
		{CEFB86F7-EC2D-4080-A0D5-AF3DB7B987B7}.Release|x86.Build.0 = Release|x86
		{C2634378-1A64-4A0F-AF4D-7F210C085796}.Debug|Any CPU.ActiveCfg = Debug|Any CPU
		{C2634378-1A64-4A0F-AF4D-7F210C085796}.Debug|Any CPU.Build.0 = Debug|Any CPU
		{C2634378-1A64-4A0F-AF4D-7F210C085796}.Debug|x86.ActiveCfg = Debug|x86
		{C2634378-1A64-4A0F-AF4D-7F210C085796}.Debug|x86.Build.0 = Debug|x86
		{C2634378-1A64-4A0F-AF4D-7F210C085796}.Release|Any CPU.ActiveCfg = Release|Any CPU
		{C2634378-1A64-4A0F-AF4D-7F210C085796}.Release|Any CPU.Build.0 = Release|Any CPU
		{C2634378-1A64-4A0F-AF4D-7F210C085796}.Release|x86.ActiveCfg = Release|x86
		{C2634378-1A64-4A0F-AF4D-7F210C085796}.Release|x86.Build.0 = Release|x86
		{C5B443C3-3AF6-4378-A3D5-2116519DAC98}.Debug|Any CPU.ActiveCfg = Debug|Any CPU
		{C5B443C3-3AF6-4378-A3D5-2116519DAC98}.Debug|Any CPU.Build.0 = Debug|Any CPU
		{C5B443C3-3AF6-4378-A3D5-2116519DAC98}.Debug|x86.ActiveCfg = Debug|x86
		{C5B443C3-3AF6-4378-A3D5-2116519DAC98}.Debug|x86.Build.0 = Debug|x86
		{C5B443C3-3AF6-4378-A3D5-2116519DAC98}.Release|Any CPU.ActiveCfg = Release|Any CPU
		{C5B443C3-3AF6-4378-A3D5-2116519DAC98}.Release|Any CPU.Build.0 = Release|Any CPU
		{C5B443C3-3AF6-4378-A3D5-2116519DAC98}.Release|x86.ActiveCfg = Release|x86
		{C5B443C3-3AF6-4378-A3D5-2116519DAC98}.Release|x86.Build.0 = Release|x86
		{7BDFA441-8A01-4BFA-B6BC-953795FFB7C9}.Debug|Any CPU.ActiveCfg = Debug|Any CPU
		{7BDFA441-8A01-4BFA-B6BC-953795FFB7C9}.Debug|Any CPU.Build.0 = Debug|Any CPU
		{7BDFA441-8A01-4BFA-B6BC-953795FFB7C9}.Debug|x86.ActiveCfg = Debug|x86
		{7BDFA441-8A01-4BFA-B6BC-953795FFB7C9}.Debug|x86.Build.0 = Debug|x86
		{7BDFA441-8A01-4BFA-B6BC-953795FFB7C9}.Release|Any CPU.ActiveCfg = Release|Any CPU
		{7BDFA441-8A01-4BFA-B6BC-953795FFB7C9}.Release|Any CPU.Build.0 = Release|Any CPU
		{7BDFA441-8A01-4BFA-B6BC-953795FFB7C9}.Release|x86.ActiveCfg = Release|x86
		{7BDFA441-8A01-4BFA-B6BC-953795FFB7C9}.Release|x86.Build.0 = Release|x86
		{DA64F3C7-5BF5-4080-A208-DB6EB044FCE2}.Debug|Any CPU.ActiveCfg = Debug|Any CPU
		{DA64F3C7-5BF5-4080-A208-DB6EB044FCE2}.Debug|Any CPU.Build.0 = Debug|Any CPU
		{DA64F3C7-5BF5-4080-A208-DB6EB044FCE2}.Debug|x86.ActiveCfg = Debug|x86
		{DA64F3C7-5BF5-4080-A208-DB6EB044FCE2}.Debug|x86.Build.0 = Debug|x86
		{DA64F3C7-5BF5-4080-A208-DB6EB044FCE2}.Release|Any CPU.ActiveCfg = Release|Any CPU
		{DA64F3C7-5BF5-4080-A208-DB6EB044FCE2}.Release|Any CPU.Build.0 = Release|Any CPU
		{DA64F3C7-5BF5-4080-A208-DB6EB044FCE2}.Release|x86.ActiveCfg = Release|x86
		{DA64F3C7-5BF5-4080-A208-DB6EB044FCE2}.Release|x86.Build.0 = Release|x86
		{D4D9C5E8-C2FA-41F1-A13E-91041A36CC72}.Debug|Any CPU.ActiveCfg = Debug|Any CPU
		{D4D9C5E8-C2FA-41F1-A13E-91041A36CC72}.Debug|Any CPU.Build.0 = Debug|Any CPU
		{D4D9C5E8-C2FA-41F1-A13E-91041A36CC72}.Debug|x86.ActiveCfg = Debug|Any CPU
		{D4D9C5E8-C2FA-41F1-A13E-91041A36CC72}.Debug|x86.Build.0 = Debug|Any CPU
		{D4D9C5E8-C2FA-41F1-A13E-91041A36CC72}.Release|Any CPU.ActiveCfg = Release|Any CPU
		{D4D9C5E8-C2FA-41F1-A13E-91041A36CC72}.Release|Any CPU.Build.0 = Release|Any CPU
		{D4D9C5E8-C2FA-41F1-A13E-91041A36CC72}.Release|x86.ActiveCfg = Release|Any CPU
		{D4D9C5E8-C2FA-41F1-A13E-91041A36CC72}.Release|x86.Build.0 = Release|Any CPU
	EndGlobalSection
	GlobalSection(SolutionProperties) = preSolution
		HideSolutionNode = FALSE
	EndGlobalSection
	GlobalSection(NestedProjects) = preSolution
		{BF6F3ED7-32B1-4100-B026-F26AEFE657A0} = {0131DC8F-E1D3-4F7D-A560-EAF30B550F92}
		{865E2C0F-AF96-4625-BE52-CD50B278770A} = {0131DC8F-E1D3-4F7D-A560-EAF30B550F92}
		{5449EDED-32BA-417C-916B-C88BEF58712C} = {7210AA1F-D15D-468C-AD99-5AC8C43D3E73}
		{CEFB86F7-EC2D-4080-A0D5-AF3DB7B987B7} = {7210AA1F-D15D-468C-AD99-5AC8C43D3E73}
		{C2634378-1A64-4A0F-AF4D-7F210C085796} = {7210AA1F-D15D-468C-AD99-5AC8C43D3E73}
		{C5B443C3-3AF6-4378-A3D5-2116519DAC98} = {C3C0B9E6-7E8D-4239-82E2-EE9B5851EA53}
		{7BDFA441-8A01-4BFA-B6BC-953795FFB7C9} = {C3C0B9E6-7E8D-4239-82E2-EE9B5851EA53}
		{DA64F3C7-5BF5-4080-A208-DB6EB044FCE2} = {C3C0B9E6-7E8D-4239-82E2-EE9B5851EA53}
		{D4D9C5E8-C2FA-41F1-A13E-91041A36CC72} = {C3C0B9E6-7E8D-4239-82E2-EE9B5851EA53}
	EndGlobalSection
	GlobalSection(ExtensibilityGlobals) = postSolution
		SolutionGuid = {4DAE7C6E-25B7-4F93-A847-3393CB0727B3}
	EndGlobalSection
EndGlobal
